
Microsoft Visual Studio Solution File, Format Version 12.00
Project("{FAE04EC0-301F-11D3-BF4B-00C04F79EFBC}") = "BubbleSort", "BubbleSort\BubbleSort.csproj", "{EE78CA57-0366-49B0-8276-8FF7F91158DD}"
EndProject
Global
	GlobalSection(SolutionConfigurationPlatforms) = preSolution
		Debug|Any CPU = Debug|Any CPU
		Release|Any CPU = Release|Any CPU
	EndGlobalSection
	GlobalSection(ProjectConfigurationPlatforms) = postSolution
		{EE78CA57-0366-49B0-8276-8FF7F91158DD}.Debug|Any CPU.ActiveCfg = Debug|Any CPU
		{EE78CA57-0366-49B0-8276-8FF7F91158DD}.Debug|Any CPU.Build.0 = Debug|Any CPU
		{EE78CA57-0366-49B0-8276-8FF7F91158DD}.Release|Any CPU.ActiveCfg = Release|Any CPU
		{EE78CA57-0366-49B0-8276-8FF7F91158DD}.Release|Any CPU.Build.0 = Release|Any CPU
	EndGlobalSection
EndGlobal
